
Microsoft Visual Studio Solution File, Format Version 12.00
# Visual Studio Version 17
VisualStudioVersion = 17.9.34622.214
MinimumVisualStudioVersion = 10.0.40219.1
Project("{9A19103F-16F7-4668-BE54-9A1E7A4F7556}") = "PascalCompiler", "PascalCompiler\PascalCompiler.csproj", "{D0E9A5D4-3E07-4CCF-B0DC-2A9CECAF11C8}"
EndProject
Project("{2150E333-8FDC-42A3-9474-1A3956D46DE8}") = "Solution Items", "Solution Items", "{6094F54D-B91D-42AB-99B6-C678ADBB2916}"
	ProjectSection(SolutionItems) = preProject
		.gitattributes = .gitattributes
		.gitignore = .gitignore
		Grammar.txt = Grammar.txt
		README.md = README.md
		todo.md = todo.md
		website-display-correlate = website-display-correlate
	EndProjectSection
EndProject
Project("{9A19103F-16F7-4668-BE54-9A1E7A4F7556}") = "PascalCompilerUnitTests", "PascalCompilerUnitTests\PascalCompilerUnitTests.csproj", "{2B839525-9EB7-4AB3-A928-A4C26409C50A}"
EndProject
Project("{9A19103F-16F7-4668-BE54-9A1E7A4F7556}") = "AnnexAQuery", "AnnexAQuery\AnnexAQuery.csproj", "{7DB1C394-4ABE-4A85-BF24-6A2D125C8937}"
EndProject
Global
	GlobalSection(SolutionConfigurationPlatforms) = preSolution
		Debug|Any CPU = Debug|Any CPU
		Release|Any CPU = Release|Any CPU
	EndGlobalSection
	GlobalSection(ProjectConfigurationPlatforms) = postSolution
		{D0E9A5D4-3E07-4CCF-B0DC-2A9CECAF11C8}.Debug|Any CPU.ActiveCfg = Debug|Any CPU
		{D0E9A5D4-3E07-4CCF-B0DC-2A9CECAF11C8}.Debug|Any CPU.Build.0 = Debug|Any CPU
		{D0E9A5D4-3E07-4CCF-B0DC-2A9CECAF11C8}.Release|Any CPU.ActiveCfg = Release|Any CPU
		{D0E9A5D4-3E07-4CCF-B0DC-2A9CECAF11C8}.Release|Any CPU.Build.0 = Release|Any CPU
		{2B839525-9EB7-4AB3-A928-A4C26409C50A}.Debug|Any CPU.ActiveCfg = Debug|Any CPU
		{2B839525-9EB7-4AB3-A928-A4C26409C50A}.Debug|Any CPU.Build.0 = Debug|Any CPU
		{2B839525-9EB7-4AB3-A928-A4C26409C50A}.Release|Any CPU.ActiveCfg = Release|Any CPU
		{2B839525-9EB7-4AB3-A928-A4C26409C50A}.Release|Any CPU.Build.0 = Release|Any CPU
		{7DB1C394-4ABE-4A85-BF24-6A2D125C8937}.Debug|Any CPU.ActiveCfg = Debug|Any CPU
		{7DB1C394-4ABE-4A85-BF24-6A2D125C8937}.Debug|Any CPU.Build.0 = Debug|Any CPU
		{7DB1C394-4ABE-4A85-BF24-6A2D125C8937}.Release|Any CPU.ActiveCfg = Release|Any CPU
		{7DB1C394-4ABE-4A85-BF24-6A2D125C8937}.Release|Any CPU.Build.0 = Release|Any CPU
	EndGlobalSection
	GlobalSection(SolutionProperties) = preSolution
		HideSolutionNode = FALSE
	EndGlobalSection
	GlobalSection(ExtensibilityGlobals) = postSolution
		SolutionGuid = {F1EC4E95-FB94-40EF-8BD5-97FFC36E71B3}
	EndGlobalSection
EndGlobal
